// !$*UTF8*$!
{
	archiveVersion = 1;
	classes = {
	};
	objectVersion = 56;
	objects = {

/* Begin PBXBuildFile section */
		EEFB54F52AE77A11000CF000 /* AppDelegate.swift in Sources */ = {isa = PBXBuildFile; fileRef = EEFB54F42AE77A11000CF000 /* AppDelegate.swift */; };
		EEFB54F72AE77A11000CF000 /* ContentView.swift in Sources */ = {isa = PBXBuildFile; fileRef = EEFB54F62AE77A11000CF000 /* ContentView.swift */; };
		EEFB54F92AE77A13000CF000 /* Assets.xcassets in Resources */ = {isa = PBXBuildFile; fileRef = EEFB54F82AE77A13000CF000 /* Assets.xcassets */; };
		EEFB54FC2AE77A13000CF000 /* Preview Assets.xcassets in Resources */ = {isa = PBXBuildFile; fileRef = EEFB54FB2AE77A13000CF000 /* Preview Assets.xcassets */; };
		EEFB55062AE77A13000CF000 /* PlaneDetectionTests.swift in Sources */ = {isa = PBXBuildFile; fileRef = EEFB55052AE77A13000CF000 /* PlaneDetectionTests.swift */; };
		EEFB55102AE77A13000CF000 /* PlaneDetectionUITests.swift in Sources */ = {isa = PBXBuildFile; fileRef = EEFB550F2AE77A13000CF000 /* PlaneDetectionUITests.swift */; };
		EEFB55122AE77A13000CF000 /* PlaneDetectionUITestsLaunchTests.swift in Sources */ = {isa = PBXBuildFile; fileRef = EEFB55112AE77A13000CF000 /* PlaneDetectionUITestsLaunchTests.swift */; };
		EEFB551F2AE77A31000CF000 /* ARView.swift in Sources */ = {isa = PBXBuildFile; fileRef = EEFB551E2AE77A31000CF000 /* ARView.swift */; };
		EEFB55212AE77A82000CF000 /* ViewModel.swift in Sources */ = {isa = PBXBuildFile; fileRef = EEFB55202AE77A82000CF000 /* ViewModel.swift */; };
/* End PBXBuildFile section */

/* Begin PBXContainerItemProxy section */
		EEFB55022AE77A13000CF000 /* PBXContainerItemProxy */ = {
			isa = PBXContainerItemProxy;
			containerPortal = EEFB54E92AE77A11000CF000 /* Project object */;
			proxyType = 1;
			remoteGlobalIDString = EEFB54F02AE77A11000CF000;
			remoteInfo = PlaneDetection;
		};
		EEFB550C2AE77A13000CF000 /* PBXContainerItemProxy */ = {
			isa = PBXContainerItemProxy;
			containerPortal = EEFB54E92AE77A11000CF000 /* Project object */;
			proxyType = 1;
			remoteGlobalIDString = EEFB54F02AE77A11000CF000;
			remoteInfo = PlaneDetection;
		};
/* End PBXContainerItemProxy section */

/* Begin PBXFileReference section */
		EEFB54F12AE77A11000CF000 /* PlaneDetection.app */ = {isa = PBXFileReference; explicitFileType = wrapper.application; includeInIndex = 0; path = PlaneDetection.app; sourceTree = BUILT_PRODUCTS_DIR; };
		EEFB54F42AE77A11000CF000 /* AppDelegate.swift */ = {isa = PBXFileReference; lastKnownFileType = sourcecode.swift; path = AppDelegate.swift; sourceTree = "<group>"; };
		EEFB54F62AE77A11000CF000 /* ContentView.swift */ = {isa = PBXFileReference; lastKnownFileType = sourcecode.swift; path = ContentView.swift; sourceTree = "<group>"; };
		EEFB54F82AE77A13000CF000 /* Assets.xcassets */ = {isa = PBXFileReference; lastKnownFileType = folder.assetcatalog; path = Assets.xcassets; sourceTree = "<group>"; };
		EEFB54FB2AE77A13000CF000 /* Preview Assets.xcassets */ = {isa = PBXFileReference; lastKnownFileType = folder.assetcatalog; path = "Preview Assets.xcassets"; sourceTree = "<group>"; };
		EEFB55012AE77A13000CF000 /* PlaneDetectionTests.xctest */ = {isa = PBXFileReference; explicitFileType = wrapper.cfbundle; includeInIndex = 0; path = PlaneDetectionTests.xctest; sourceTree = BUILT_PRODUCTS_DIR; };
		EEFB55052AE77A13000CF000 /* PlaneDetectionTests.swift */ = {isa = PBXFileReference; lastKnownFileType = sourcecode.swift; path = PlaneDetectionTests.swift; sourceTree = "<group>"; };
		EEFB550B2AE77A13000CF000 /* PlaneDetectionUITests.xctest */ = {isa = PBXFileReference; explicitFileType = wrapper.cfbundle; includeInIndex = 0; path = PlaneDetectionUITests.xctest; sourceTree = BUILT_PRODUCTS_DIR; };
		EEFB550F2AE77A13000CF000 /* PlaneDetectionUITests.swift */ = {isa = PBXFileReference; lastKnownFileType = sourcecode.swift; path = PlaneDetectionUITests.swift; sourceTree = "<group>"; };
		EEFB55112AE77A13000CF000 /* PlaneDetectionUITestsLaunchTests.swift */ = {isa = PBXFileReference; lastKnownFileType = sourcecode.swift; path = PlaneDetectionUITestsLaunchTests.swift; sourceTree = "<group>"; };
		EEFB551E2AE77A31000CF000 /* ARView.swift */ = {isa = PBXFileReference; lastKnownFileType = sourcecode.swift; path = ARView.swift; sourceTree = "<group>"; };
		EEFB55202AE77A82000CF000 /* ViewModel.swift */ = {isa = PBXFileReference; lastKnownFileType = sourcecode.swift; path = ViewModel.swift; sourceTree = "<group>"; };
/* End PBXFileReference section */

/* Begin PBXFrameworksBuildPhase section */
		EEFB54EE2AE77A11000CF000 /* Frameworks */ = {
			isa = PBXFrameworksBuildPhase;
			buildActionMask = 2147483647;
			files = (
			);
			runOnlyForDeploymentPostprocessing = 0;
		};
		EEFB54FE2AE77A13000CF000 /* Frameworks */ = {
			isa = PBXFrameworksBuildPhase;
			buildActionMask = 2147483647;
			files = (
			);
			runOnlyForDeploymentPostprocessing = 0;
		};
		EEFB55082AE77A13000CF000 /* Frameworks */ = {
			isa = PBXFrameworksBuildPhase;
			buildActionMask = 2147483647;
			files = (
			);
			runOnlyForDeploymentPostprocessing = 0;
		};
/* End PBXFrameworksBuildPhase section */

/* Begin PBXGroup section */
		EEFB54E82AE77A11000CF000 = {
			isa = PBXGroup;
			children = (
				EEFB54F32AE77A11000CF000 /* PlaneDetection */,
				EEFB55042AE77A13000CF000 /* PlaneDetectionTests */,
				EEFB550E2AE77A13000CF000 /* PlaneDetectionUITests */,
				EEFB54F22AE77A11000CF000 /* Products */,
			);
			sourceTree = "<group>";
		};
		EEFB54F22AE77A11000CF000 /* Products */ = {
			isa = PBXGroup;
			children = (
				EEFB54F12AE77A11000CF000 /* PlaneDetection.app */,
				EEFB55012AE77A13000CF000 /* PlaneDetectionTests.xctest */,
				EEFB550B2AE77A13000CF000 /* PlaneDetectionUITests.xctest */,
			);
			name = Products;
			sourceTree = "<group>";
		};
		EEFB54F32AE77A11000CF000 /* PlaneDetection */ = {
			isa = PBXGroup;
			children = (
				EEFB54F42AE77A11000CF000 /* AppDelegate.swift */,
				EEFB54F62AE77A11000CF000 /* ContentView.swift */,
				EEFB551E2AE77A31000CF000 /* ARView.swift */,
				EEFB55202AE77A82000CF000 /* ViewModel.swift */,
				EEFB54F82AE77A13000CF000 /* Assets.xcassets */,
				EEFB54FA2AE77A13000CF000 /* Preview Content */,
			);
			path = PlaneDetection;
			sourceTree = "<group>";
		};
		EEFB54FA2AE77A13000CF000 /* Preview Content */ = {
			isa = PBXGroup;
			children = (
				EEFB54FB2AE77A13000CF000 /* Preview Assets.xcassets */,
			);
			path = "Preview Content";
			sourceTree = "<group>";
		};
		EEFB55042AE77A13000CF000 /* PlaneDetectionTests */ = {
			isa = PBXGroup;
			children = (
				EEFB55052AE77A13000CF000 /* PlaneDetectionTests.swift */,
			);
			path = PlaneDetectionTests;
			sourceTree = "<group>";
		};
		EEFB550E2AE77A13000CF000 /* PlaneDetectionUITests */ = {
			isa = PBXGroup;
			children = (
				EEFB550F2AE77A13000CF000 /* PlaneDetectionUITests.swift */,
				EEFB55112AE77A13000CF000 /* PlaneDetectionUITestsLaunchTests.swift */,
			);
			path = PlaneDetectionUITests;
			sourceTree = "<group>";
		};
/* End PBXGroup section */

/* Begin PBXNativeTarget section */
		EEFB54F02AE77A11000CF000 /* PlaneDetection */ = {
			isa = PBXNativeTarget;
			buildConfigurationList = EEFB55152AE77A13000CF000 /* Build configuration list for PBXNativeTarget "PlaneDetection" */;
			buildPhases = (
				EEFB54ED2AE77A11000CF000 /* Sources */,
				EEFB54EE2AE77A11000CF000 /* Frameworks */,
				EEFB54EF2AE77A11000CF000 /* Resources */,
			);
			buildRules = (
			);
			dependencies = (
			);
			name = PlaneDetection;
			productName = PlaneDetection;
			productReference = EEFB54F12AE77A11000CF000 /* PlaneDetection.app */;
			productType = "com.apple.product-type.application";
		};
		EEFB55002AE77A13000CF000 /* PlaneDetectionTests */ = {
			isa = PBXNativeTarget;
			buildConfigurationList = EEFB55182AE77A13000CF000 /* Build configuration list for PBXNativeTarget "PlaneDetectionTests" */;
			buildPhases = (
				EEFB54FD2AE77A13000CF000 /* Sources */,
				EEFB54FE2AE77A13000CF000 /* Frameworks */,
				EEFB54FF2AE77A13000CF000 /* Resources */,
			);
			buildRules = (
			);
			dependencies = (
				EEFB55032AE77A13000CF000 /* PBXTargetDependency */,
			);
			name = PlaneDetectionTests;
			productName = PlaneDetectionTests;
			productReference = EEFB55012AE77A13000CF000 /* PlaneDetectionTests.xctest */;
			productType = "com.apple.product-type.bundle.unit-test";
		};
		EEFB550A2AE77A13000CF000 /* PlaneDetectionUITests */ = {
			isa = PBXNativeTarget;
			buildConfigurationList = EEFB551B2AE77A13000CF000 /* Build configuration list for PBXNativeTarget "PlaneDetectionUITests" */;
			buildPhases = (
				EEFB55072AE77A13000CF000 /* Sources */,
				EEFB55082AE77A13000CF000 /* Frameworks */,
				EEFB55092AE77A13000CF000 /* Resources */,
			);
			buildRules = (
			);
			dependencies = (
				EEFB550D2AE77A13000CF000 /* PBXTargetDependency */,
			);
			name = PlaneDetectionUITests;
			productName = PlaneDetectionUITests;
			productReference = EEFB550B2AE77A13000CF000 /* PlaneDetectionUITests.xctest */;
			productType = "com.apple.product-type.bundle.ui-testing";
		};
/* End PBXNativeTarget section */

/* Begin PBXProject section */
		EEFB54E92AE77A11000CF000 /* Project object */ = {
			isa = PBXProject;
			attributes = {
				BuildIndependentTargetsInParallel = 1;
				LastSwiftUpdateCheck = 1510;
				LastUpgradeCheck = 1510;
				TargetAttributes = {
					EEFB54F02AE77A11000CF000 = {
						CreatedOnToolsVersion = 15.1;
					};
					EEFB55002AE77A13000CF000 = {
						CreatedOnToolsVersion = 15.1;
						TestTargetID = EEFB54F02AE77A11000CF000;
					};
					EEFB550A2AE77A13000CF000 = {
						CreatedOnToolsVersion = 15.1;
						TestTargetID = EEFB54F02AE77A11000CF000;
					};
				};
			};
			buildConfigurationList = EEFB54EC2AE77A11000CF000 /* Build configuration list for PBXProject "PlaneDetection" */;
			compatibilityVersion = "Xcode 14.0";
			developmentRegion = en;
			hasScannedForEncodings = 0;
			knownRegions = (
				en,
				Base,
			);
			mainGroup = EEFB54E82AE77A11000CF000;
			productRefGroup = EEFB54F22AE77A11000CF000 /* Products */;
			projectDirPath = "";
			projectRoot = "";
			targets = (
				EEFB54F02AE77A11000CF000 /* PlaneDetection */,
				EEFB55002AE77A13000CF000 /* PlaneDetectionTests */,
				EEFB550A2AE77A13000CF000 /* PlaneDetectionUITests */,
			);
		};
/* End PBXProject section */

/* Begin PBXResourcesBuildPhase section */
		EEFB54EF2AE77A11000CF000 /* Resources */ = {
			isa = PBXResourcesBuildPhase;
			buildActionMask = 2147483647;
			files = (
				EEFB54FC2AE77A13000CF000 /* Preview Assets.xcassets in Resources */,
				EEFB54F92AE77A13000CF000 /* Assets.xcassets in Resources */,
			);
			runOnlyForDeploymentPostprocessing = 0;
		};
		EEFB54FF2AE77A13000CF000 /* Resources */ = {
			isa = PBXResourcesBuildPhase;
			buildActionMask = 2147483647;
			files = (
			);
			runOnlyForDeploymentPostprocessing = 0;
		};
		EEFB55092AE77A13000CF000 /* Resources */ = {
			isa = PBXResourcesBuildPhase;
			buildActionMask = 2147483647;
			files = (
			);
			runOnlyForDeploymentPostprocessing = 0;
		};
/* End PBXResourcesBuildPhase section */

/* Begin PBXSourcesBuildPhase section */
		EEFB54ED2AE77A11000CF000 /* Sources */ = {
			isa = PBXSourcesBuildPhase;
			buildActionMask = 2147483647;
			files = (
				EEFB54F72AE77A11000CF000 /* ContentView.swift in Sources */,
				EEFB54F52AE77A11000CF000 /* AppDelegate.swift in Sources */,
				EEFB55212AE77A82000CF000 /* ViewModel.swift in Sources */,
				EEFB551F2AE77A31000CF000 /* ARView.swift in Sources */,
			);
			runOnlyForDeploymentPostprocessing = 0;
		};
		EEFB54FD2AE77A13000CF000 /* Sources */ = {
			isa = PBXSourcesBuildPhase;
			buildActionMask = 2147483647;
			files = (
				EEFB55062AE77A13000CF000 /* PlaneDetectionTests.swift in Sources */,
			);
			runOnlyForDeploymentPostprocessing = 0;
		};
		EEFB55072AE77A13000CF000 /* Sources */ = {
			isa = PBXSourcesBuildPhase;
			buildActionMask = 2147483647;
			files = (
				EEFB55102AE77A13000CF000 /* PlaneDetectionUITests.swift in Sources */,
				EEFB55122AE77A13000CF000 /* PlaneDetectionUITestsLaunchTests.swift in Sources */,
			);
			runOnlyForDeploymentPostprocessing = 0;
		};
/* End PBXSourcesBuildPhase section */

/* Begin PBXTargetDependency section */
		EEFB55032AE77A13000CF000 /* PBXTargetDependency */ = {
			isa = PBXTargetDependency;
			target = EEFB54F02AE77A11000CF000 /* PlaneDetection */;
			targetProxy = EEFB55022AE77A13000CF000 /* PBXContainerItemProxy */;
		};
		EEFB550D2AE77A13000CF000 /* PBXTargetDependency */ = {
			isa = PBXTargetDependency;
			target = EEFB54F02AE77A11000CF000 /* PlaneDetection */;
			targetProxy = EEFB550C2AE77A13000CF000 /* PBXContainerItemProxy */;
		};
/* End PBXTargetDependency section */

/* Begin XCBuildConfiguration section */
		EEFB55132AE77A13000CF000 /* Debug */ = {
			isa = XCBuildConfiguration;
			buildSettings = {
				ALWAYS_SEARCH_USER_PATHS = NO;
				ASSETCATALOG_COMPILER_GENERATE_SWIFT_ASSET_SYMBOL_EXTENSIONS = YES;
				CLANG_ANALYZER_NONNULL = YES;
				CLANG_ANALYZER_NUMBER_OBJECT_CONVERSION = YES_AGGRESSIVE;
				CLANG_CXX_LANGUAGE_STANDARD = "gnu++20";
				CLANG_ENABLE_MODULES = YES;
				CLANG_ENABLE_OBJC_ARC = YES;
				CLANG_ENABLE_OBJC_WEAK = YES;
				CLANG_WARN_BLOCK_CAPTURE_AUTORELEASING = YES;
				CLANG_WARN_BOOL_CONVERSION = YES;
				CLANG_WARN_COMMA = YES;
				CLANG_WARN_CONSTANT_CONVERSION = YES;
				CLANG_WARN_DEPRECATED_OBJC_IMPLEMENTATIONS = YES;
				CLANG_WARN_DIRECT_OBJC_ISA_USAGE = YES_ERROR;
				CLANG_WARN_DOCUMENTATION_COMMENTS = YES;
				CLANG_WARN_EMPTY_BODY = YES;
				CLANG_WARN_ENUM_CONVERSION = YES;
				CLANG_WARN_INFINITE_RECURSION = YES;
				CLANG_WARN_INT_CONVERSION = YES;
				CLANG_WARN_NON_LITERAL_NULL_CONVERSION = YES;
				CLANG_WARN_OBJC_IMPLICIT_RETAIN_SELF = YES;
				CLANG_WARN_OBJC_LITERAL_CONVERSION = YES;
				CLANG_WARN_OBJC_ROOT_CLASS = YES_ERROR;
				CLANG_WARN_QUOTED_INCLUDE_IN_FRAMEWORK_HEADER = YES;
				CLANG_WARN_RANGE_LOOP_ANALYSIS = YES;
				CLANG_WARN_STRICT_PROTOTYPES = YES;
				CLANG_WARN_SUSPICIOUS_MOVE = YES;
				CLANG_WARN_UNGUARDED_AVAILABILITY = YES_AGGRESSIVE;
				CLANG_WARN_UNREACHABLE_CODE = YES;
				CLANG_WARN__DUPLICATE_METHOD_MATCH = YES;
				COPY_PHASE_STRIP = NO;
				DEBUG_INFORMATION_FORMAT = dwarf;
				ENABLE_STRICT_OBJC_MSGSEND = YES;
				ENABLE_TESTABILITY = YES;
				ENABLE_USER_SCRIPT_SANDBOXING = YES;
				GCC_C_LANGUAGE_STANDARD = gnu17;
				GCC_DYNAMIC_NO_PIC = NO;
				GCC_NO_COMMON_BLOCKS = YES;
				GCC_OPTIMIZATION_LEVEL = 0;
				GCC_PREPROCESSOR_DEFINITIONS = (
					"DEBUG=1",
					"$(inherited)",
				);
				GCC_WARN_64_TO_32_BIT_CONVERSION = YES;
				GCC_WARN_ABOUT_RETURN_TYPE = YES_ERROR;
				GCC_WARN_UNDECLARED_SELECTOR = YES;
				GCC_WARN_UNINITIALIZED_AUTOS = YES_AGGRESSIVE;
				GCC_WARN_UNUSED_FUNCTION = YES;
				GCC_WARN_UNUSED_VARIABLE = YES;
				IPHONEOS_DEPLOYMENT_TARGET = 17.0;
				LOCALIZATION_PREFERS_STRING_CATALOGS = YES;
				MTL_ENABLE_DEBUG_INFO = INCLUDE_SOURCE;
				MTL_FAST_MATH = YES;
				ONLY_ACTIVE_ARCH = YES;
				SDKROOT = iphoneos;
				SWIFT_ACTIVE_COMPILATION_CONDITIONS = "DEBUG $(inherited)";
				SWIFT_OPTIMIZATION_LEVEL = "-Onone";
			};
			name = Debug;
		};
		EEFB55142AE77A13000CF000 /* Release */ = {
			isa = XCBuildConfiguration;
			buildSettings = {
				ALWAYS_SEARCH_USER_PATHS = NO;
				ASSETCATALOG_COMPILER_GENERATE_SWIFT_ASSET_SYMBOL_EXTENSIONS = YES;
				CLANG_ANALYZER_NONNULL = YES;
				CLANG_ANALYZER_NUMBER_OBJECT_CONVERSION = YES_AGGRESSIVE;
				CLANG_CXX_LANGUAGE_STANDARD = "gnu++20";
				CLANG_ENABLE_MODULES = YES;
				CLANG_ENABLE_OBJC_ARC = YES;
				CLANG_ENABLE_OBJC_WEAK = YES;
				CLANG_WARN_BLOCK_CAPTURE_AUTORELEASING = YES;
				CLANG_WARN_BOOL_CONVERSION = YES;
				CLANG_WARN_COMMA = YES;
				CLANG_WARN_CONSTANT_CONVERSION = YES;
				CLANG_WARN_DEPRECATED_OBJC_IMPLEMENTATIONS = YES;
				CLANG_WARN_DIRECT_OBJC_ISA_USAGE = YES_ERROR;
				CLANG_WARN_DOCUMENTATION_COMMENTS = YES;
				CLANG_WARN_EMPTY_BODY = YES;
				CLANG_WARN_ENUM_CONVERSION = YES;
				CLANG_WARN_INFINITE_RECURSION = YES;
				CLANG_WARN_INT_CONVERSION = YES;
				CLANG_WARN_NON_LITERAL_NULL_CONVERSION = YES;
				CLANG_WARN_OBJC_IMPLICIT_RETAIN_SELF = YES;
				CLANG_WARN_OBJC_LITERAL_CONVERSION = YES;
				CLANG_WARN_OBJC_ROOT_CLASS = YES_ERROR;
				CLANG_WARN_QUOTED_INCLUDE_IN_FRAMEWORK_HEADER = YES;
				CLANG_WARN_RANGE_LOOP_ANALYSIS = YES;
				CLANG_WARN_STRICT_PROTOTYPES = YES;
				CLANG_WARN_SUSPICIOUS_MOVE = YES;
				CLANG_WARN_UNGUARDED_AVAILABILITY = YES_AGGRESSIVE;
				CLANG_WARN_UNREACHABLE_CODE = YES;
				CLANG_WARN__DUPLICATE_METHOD_MATCH = YES;
				COPY_PHASE_STRIP = NO;
				DEBUG_INFORMATION_FORMAT = "dwarf-with-dsym";
				ENABLE_NS_ASSERTIONS = NO;
				ENABLE_STRICT_OBJC_MSGSEND = YES;
				ENABLE_USER_SCRIPT_SANDBOXING = YES;
				GCC_C_LANGUAGE_STANDARD = gnu17;
				GCC_NO_COMMON_BLOCKS = YES;
				GCC_WARN_64_TO_32_BIT_CONVERSION = YES;
				GCC_WARN_ABOUT_RETURN_TYPE = YES_ERROR;
				GCC_WARN_UNDECLARED_SELECTOR = YES;
				GCC_WARN_UNINITIALIZED_AUTOS = YES_AGGRESSIVE;
				GCC_WARN_UNUSED_FUNCTION = YES;
				GCC_WARN_UNUSED_VARIABLE = YES;
				IPHONEOS_DEPLOYMENT_TARGET = 17.0;
				LOCALIZATION_PREFERS_STRING_CATALOGS = YES;
				MTL_ENABLE_DEBUG_INFO = NO;
				MTL_FAST_MATH = YES;
				SDKROOT = iphoneos;
				SWIFT_COMPILATION_MODE = wholemodule;
				VALIDATE_PRODUCT = YES;
			};
			name = Release;
		};
		EEFB55162AE77A13000CF000 /* Debug */ = {
			isa = XCBuildConfiguration;
			buildSettings = {
				ASSETCATALOG_COMPILER_APPICON_NAME = AppIcon;
				ASSETCATALOG_COMPILER_GLOBAL_ACCENT_COLOR_NAME = AccentColor;
				CODE_SIGN_STYLE = Automatic;
				CURRENT_PROJECT_VERSION = 1;
				DEVELOPMENT_ASSET_PATHS = "\"PlaneDetection/Preview Content\"";
				DEVELOPMENT_TEAM = UUUJ633362;
				ENABLE_PREVIEWS = YES;
				GENERATE_INFOPLIST_FILE = YES;
				INFOPLIST_KEY_NSCameraUsageDescription = "";
				INFOPLIST_KEY_UIApplicationSupportsIndirectInputEvents = YES;
				INFOPLIST_KEY_UILaunchScreen_Generation = YES;
				INFOPLIST_KEY_UIRequiredDeviceCapabilities = arkit;
				INFOPLIST_KEY_UIStatusBarHidden = YES;
				INFOPLIST_KEY_UISupportedInterfaceOrientations_iPad = "UIInterfaceOrientationPortrait UIInterfaceOrientationPortraitUpsideDown UIInterfaceOrientationLandscapeLeft UIInterfaceOrientationLandscapeRight";
				INFOPLIST_KEY_UISupportedInterfaceOrientations_iPhone = "UIInterfaceOrientationPortrait UIInterfaceOrientationLandscapeLeft UIInterfaceOrientationLandscapeRight";
				LD_RUNPATH_SEARCH_PATHS = (
					"$(inherited)",
					"@executable_path/Frameworks",
				);
				MARKETING_VERSION = 1.0;
				PRODUCT_BUNDLE_IDENTIFIER = "com.example.apple-samplecode.PlaneDetection";
				PRODUCT_NAME = "$(TARGET_NAME)";
				SWIFT_EMIT_LOC_STRINGS = YES;
				SWIFT_VERSION = 5.0;
				TARGETED_DEVICE_FAMILY = "1,2";
			};
			name = Debug;
		};
		EEFB55172AE77A13000CF000 /* Release */ = {
			isa = XCBuildConfiguration;
			buildSettings = {
				ASSETCATALOG_COMPILER_APPICON_NAME = AppIcon;
				ASSETCATALOG_COMPILER_GLOBAL_ACCENT_COLOR_NAME = AccentColor;
				CODE_SIGN_STYLE = Automatic;
				CURRENT_PROJECT_VERSION = 1;
				DEVELOPMENT_ASSET_PATHS = "\"PlaneDetection/Preview Content\"";
				DEVELOPMENT_TEAM = UUUJ633362;
				ENABLE_PREVIEWS = YES;
				GENERATE_INFOPLIST_FILE = YES;
				INFOPLIST_KEY_NSCameraUsageDescription = "";
				INFOPLIST_KEY_UIApplicationSupportsIndirectInputEvents = YES;
				INFOPLIST_KEY_UILaunchScreen_Generation = YES;
				INFOPLIST_KEY_UIRequiredDeviceCapabilities = arkit;
				INFOPLIST_KEY_UIStatusBarHidden = YES;
				INFOPLIST_KEY_UISupportedInterfaceOrientations_iPad = "UIInterfaceOrientationPortrait UIInterfaceOrientationPortraitUpsideDown UIInterfaceOrientationLandscapeLeft UIInterfaceOrientationLandscapeRight";
				INFOPLIST_KEY_UISupportedInterfaceOrientations_iPhone = "UIInterfaceOrientationPortrait UIInterfaceOrientationLandscapeLeft UIInterfaceOrientationLandscapeRight";
				LD_RUNPATH_SEARCH_PATHS = (
					"$(inherited)",
					"@executable_path/Frameworks",
				);
				MARKETING_VERSION = 1.0;
				PRODUCT_BUNDLE_IDENTIFIER = "com.example.apple-samplecode.PlaneDetection";
				PRODUCT_NAME = "$(TARGET_NAME)";
				SWIFT_EMIT_LOC_STRINGS = YES;
				SWIFT_VERSION = 5.0;
				TARGETED_DEVICE_FAMILY = "1,2";
			};
			name = Release;
		};
		EEFB55192AE77A13000CF000 /* Debug */ = {
			isa = XCBuildConfiguration;
			buildSettings = {
				ALWAYS_EMBED_SWIFT_STANDARD_LIBRARIES = YES;
				BUNDLE_LOADER = "$(TEST_HOST)";
				CODE_SIGN_STYLE = Automatic;
				CURRENT_PROJECT_VERSION = 1;
				DEVELOPMENT_TEAM = UUUJ633362;
				GENERATE_INFOPLIST_FILE = YES;
				IPHONEOS_DEPLOYMENT_TARGET = 17.0;
				MARKETING_VERSION = 1.0;
				PRODUCT_BUNDLE_IDENTIFIER = "com.example.apple-samplecode.PlaneDetectionTests";
				PRODUCT_NAME = "$(TARGET_NAME)";
				SWIFT_EMIT_LOC_STRINGS = NO;
				SWIFT_VERSION = 5.0;
				TARGETED_DEVICE_FAMILY = "1,2";
				TEST_HOST = "$(BUILT_PRODUCTS_DIR)/PlaneDetection.app/$(BUNDLE_EXECUTABLE_FOLDER_PATH)/PlaneDetection";
			};
			name = Debug;
		};
		EEFB551A2AE77A13000CF000 /* Release */ = {
			isa = XCBuildConfiguration;
			buildSettings = {
				ALWAYS_EMBED_SWIFT_STANDARD_LIBRARIES = YES;
				BUNDLE_LOADER = "$(TEST_HOST)";
				CODE_SIGN_STYLE = Automatic;
				CURRENT_PROJECT_VERSION = 1;
				DEVELOPMENT_TEAM = UUUJ633362;
				GENERATE_INFOPLIST_FILE = YES;
				IPHONEOS_DEPLOYMENT_TARGET = 17.0;
				MARKETING_VERSION = 1.0;
				PRODUCT_BUNDLE_IDENTIFIER = "com.example.apple-samplecode.PlaneDetectionTests";
				PRODUCT_NAME = "$(TARGET_NAME)";
				SWIFT_EMIT_LOC_STRINGS = NO;
				SWIFT_VERSION = 5.0;
				TARGETED_DEVICE_FAMILY = "1,2";
				TEST_HOST = "$(BUILT_PRODUCTS_DIR)/PlaneDetection.app/$(BUNDLE_EXECUTABLE_FOLDER_PATH)/PlaneDetection";
			};
			name = Release;
		};
		EEFB551C2AE77A13000CF000 /* Debug */ = {
			isa = XCBuildConfiguration;
			buildSettings = {
				ALWAYS_EMBED_SWIFT_STANDARD_LIBRARIES = YES;
				CODE_SIGN_STYLE = Automatic;
				CURRENT_PROJECT_VERSION = 1;
				DEVELOPMENT_TEAM = UUUJ633362;
				GENERATE_INFOPLIST_FILE = YES;
				MARKETING_VERSION = 1.0;
				PRODUCT_BUNDLE_IDENTIFIER = "com.example.apple-samplecode.PlaneDetectionUITests";
				PRODUCT_NAME = "$(TARGET_NAME)";
				SWIFT_EMIT_LOC_STRINGS = NO;
				SWIFT_VERSION = 5.0;
				TARGETED_DEVICE_FAMILY = "1,2";
				TEST_TARGET_NAME = PlaneDetection;
			};
			name = Debug;
		};
		EEFB551D2AE77A13000CF000 /* Release */ = {
			isa = XCBuildConfiguration;
			buildSettings = {
				ALWAYS_EMBED_SWIFT_STANDARD_LIBRARIES = YES;
				CODE_SIGN_STYLE = Automatic;
				CURRENT_PROJECT_VERSION = 1;
				DEVELOPMENT_TEAM = UUUJ633362;
				GENERATE_INFOPLIST_FILE = YES;
				MARKETING_VERSION = 1.0;
				PRODUCT_BUNDLE_IDENTIFIER = "com.example.apple-samplecode.PlaneDetectionUITests";
				PRODUCT_NAME = "$(TARGET_NAME)";
				SWIFT_EMIT_LOC_STRINGS = NO;
				SWIFT_VERSION = 5.0;
				TARGETED_DEVICE_FAMILY = "1,2";
				TEST_TARGET_NAME = PlaneDetection;
			};
			name = Release;
		};
/* End XCBuildConfiguration section */

/* Begin XCConfigurationList section */
		EEFB54EC2AE77A11000CF000 /* Build configuration list for PBXProject "PlaneDetection" */ = {
			isa = XCConfigurationList;
			buildConfigurations = (
				EEFB55132AE77A13000CF000 /* Debug */,
				EEFB55142AE77A13000CF000 /* Release */,
			);
			defaultConfigurationIsVisible = 0;
			defaultConfigurationName = Release;
		};
		EEFB55152AE77A13000CF000 /* Build configuration list for PBXNativeTarget "PlaneDetection" */ = {
			isa = XCConfigurationList;
			buildConfigurations = (
				EEFB55162AE77A13000CF000 /* Debug */,
				EEFB55172AE77A13000CF000 /* Release */,
			);
			defaultConfigurationIsVisible = 0;
			defaultConfigurationName = Release;
		};
		EEFB55182AE77A13000CF000 /* Build configuration list for PBXNativeTarget "PlaneDetectionTests" */ = {
			isa = XCConfigurationList;
			buildConfigurations = (
				EEFB55192AE77A13000CF000 /* Debug */,
				EEFB551A2AE77A13000CF000 /* Release */,
			);
			defaultConfigurationIsVisible = 0;
			defaultConfigurationName = Release;
		};
		EEFB551B2AE77A13000CF000 /* Build configuration list for PBXNativeTarget "PlaneDetectionUITests" */ = {
			isa = XCConfigurationList;
			buildConfigurations = (
				EEFB551C2AE77A13000CF000 /* Debug */,
				EEFB551D2AE77A13000CF000 /* Release */,
			);
			defaultConfigurationIsVisible = 0;
			defaultConfigurationName = Release;
		};
/* End XCConfigurationList section */
	};
	rootObject = EEFB54E92AE77A11000CF000 /* Project object */;
}
